---
lockfileVersion: 1
lockfileVendor: redhat
arches:
- arch: x86_64
  packages:
  - url: https://cdn-ubi.redhat.com/content/public/ubi/dist/ubi9/9/x86_64/appstream/os/Packages/n/nodejs-24.13.0-1.module+el9.7.0+23894+c8377628.x86_64.rpm
    repoid: ubi-9-for-x86_64-appstream-rpms
    size: 74252
    checksum: sha256:1e8ca520124bb2d7d7e5d15a4cbbdf5e6ac4173fb45bb50308947d94902cdd41
    name: nodejs
    evr: 1:24.13.0-1.module+el9.7.0+23894+c8377628
    sourcerpm: nodejs-24.13.0-1.module+el9.7.0+23894+c8377628.src.rpm
  - url: https://cdn-ubi.redhat.com/content/public/ubi/dist/ubi9/9/x86_64/appstream/os/Packages/n/nodejs-docs-24.13.0-1.module+el9.7.0+23894+c8377628.noarch.rpm
    repoid: ubi-9-for-x86_64-appstream-rpms
    size: 5147605
    checksum: sha256:6900c5c2710e1ad987c3f482564f361f29b3e855c2022f0bcf076bf7c6d97b1d
    name: nodejs-docs
    evr: 1:24.13.0-1.module+el9.7.0+23894+c8377628
    sourcerpm: nodejs-24.13.0-1.module+el9.7.0+23894+c8377628.src.rpm
  - url: https://cdn-ubi.redhat.com/content/public/ubi/dist/ubi9/9/x86_64/appstream/os/Packages/n/nodejs-full-i18n-24.13.0-1.module+el9.7.0+23894+c8377628.x86_64.rpm
    repoid: ubi-9-for-x86_64-appstream-rpms
    size: 9002634
    checksum: sha256:c62a1e1705cd5e3092456c04843de9faf74051dd80b6e8bf3731b321423035ef
    name: nodejs-full-i18n
    evr: 1:24.13.0-1.module+el9.7.0+23894+c8377628
    sourcerpm: nodejs-24.13.0-1.module+el9.7.0+23894+c8377628.src.rpm
  - url: https://cdn-ubi.redhat.com/content/public/ubi/dist/ubi9/9/x86_64/appstream/os/Packages/n/nodejs-libs-24.13.0-1.module+el9.7.0+23894+c8377628.x86_64.rpm
    repoid: ubi-9-for-x86_64-appstream-rpms
    size: 18998934
    checksum: sha256:837cd3335f2c34d2371f77f399e2ebbcf1054a5413ca64460f8065941c7ef4ba
    name: nodejs-libs
    evr: 1:24.13.0-1.module+el9.7.0+23894+c8377628
    sourcerpm: nodejs-24.13.0-1.module+el9.7.0+23894+c8377628.src.rpm
  - url: https://cdn-ubi.redhat.com/content/public/ubi/dist/ubi9/9/x86_64/appstream/os/Packages/n/npm-11.6.2-1.24.13.0.1.module+el9.7.0+23894+c8377628.noarch.rpm
    repoid: ubi-9-for-x86_64-appstream-rpms
    size: 2585722
    checksum: sha256:07781e67cf945855315b8e0f637b1d5834091878468cdf8b3332b3e46cc47156
    name: npm
    evr: 1:11.6.2-1.24.13.0.1.module+el9.7.0+23894+c8377628
    sourcerpm: nodejs-24.13.0-1.module+el9.7.0+23894+c8377628.src.rpm
  - url: https://cdn-ubi.redhat.com/content/public/ubi/dist/ubi9/9/x86_64/appstream/os/Packages/o/oniguruma-6.9.6-1.el9.5.x86_64.rpm
    repoid: ubi-9-for-x86_64-appstream-rpms
    size: 226331
    checksum: sha256:6c884cc2216e5b4699ebd8cde27b39e99532520b367f645ed6cc660d081916dc
    name: oniguruma
    evr: 6.9.6-1.el9.5
    sourcerpm: oniguruma-6.9.6-1.el9.5.src.rpm
  - url: https://cdn-ubi.redhat.com/content/public/ubi/dist/ubi9/9/x86_64/baseos/os/Packages/j/jq-1.6-19.el9.x86_64.rpm
    repoid: ubi-9-for-x86_64-baseos-rpms
    size: 191662
    checksum: sha256:6b4d82714813d7b4a3200bf2856a3c1493d186e9caa916d7a700ec25e4996462
    name: jq
    evr: 1.6-19.el9
    sourcerpm: jq-1.6-19.el9.src.rpm
  source: []
  module_metadata:
  - url: https://cdn-ubi.redhat.com/content/public/ubi/dist/ubi9/9/x86_64/appstream/os/repodata/9dd0a0752718ff2d4d63614fc8114f3bc42f8de68595ada023b2cd8489a0aba4-modules.yaml.gz
    repoid: ubi-9-for-x86_64-appstream-rpms
    size: 8165
    checksum: sha256:9dd0a0752718ff2d4d63614fc8114f3bc42f8de68595ada023b2cd8489a0aba4
