---
lockfileVersion: 1
lockfileVendor: redhat
arches:
- arch: x86_64
  packages:
  - url: https://cdn-ubi.redhat.com/content/public/ubi/dist/ubi9/9/x86_64/appstream/os/Packages/n/nodejs-22.22.0-1.module+el9.7.0+23896+b5802de9.x86_64.rpm
    repoid: ubi-9-for-x86_64-appstream-rpms
    size: 2519345
    checksum: sha256:bea943bd09a1cc059281e8d82598d1abb29469c336e572d25cb70a0779802cfa
    name: nodejs
    evr: 1:22.22.0-1.module+el9.7.0+23896+b5802de9
    sourcerpm: nodejs-22.22.0-1.module+el9.7.0+23896+b5802de9.src.rpm
  - url: https://cdn-ubi.redhat.com/content/public/ubi/dist/ubi9/9/x86_64/appstream/os/Packages/n/nodejs-docs-22.22.0-1.module+el9.7.0+23896+b5802de9.noarch.rpm
    repoid: ubi-9-for-x86_64-appstream-rpms
    size: 9650998
    checksum: sha256:57df304d9bb54c9ba65cf1140defd62aca871dbc9288f42d8eb2fec6f37e75f9
    name: nodejs-docs
    evr: 1:22.22.0-1.module+el9.7.0+23896+b5802de9
    sourcerpm: nodejs-22.22.0-1.module+el9.7.0+23896+b5802de9.src.rpm
  - url: https://cdn-ubi.redhat.com/content/public/ubi/dist/ubi9/9/x86_64/appstream/os/Packages/n/nodejs-full-i18n-22.22.0-1.module+el9.7.0+23896+b5802de9.x86_64.rpm
    repoid: ubi-9-for-x86_64-appstream-rpms
    size: 9025936
    checksum: sha256:5e2ef11ef157be91017519eaadd96aaeefc15645aafbf2369fee3dd0f2c5b427
    name: nodejs-full-i18n
    evr: 1:22.22.0-1.module+el9.7.0+23896+b5802de9
    sourcerpm: nodejs-22.22.0-1.module+el9.7.0+23896+b5802de9.src.rpm
  - url: https://cdn-ubi.redhat.com/content/public/ubi/dist/ubi9/9/x86_64/appstream/os/Packages/n/nodejs-libs-22.22.0-1.module+el9.7.0+23896+b5802de9.x86_64.rpm
    repoid: ubi-9-for-x86_64-appstream-rpms
    size: 21375668
    checksum: sha256:108df51ed02cb3c0a3fd36992fd15555ec3558c9faf108192a203ae65f2a4733
    name: nodejs-libs
    evr: 1:22.22.0-1.module+el9.7.0+23896+b5802de9
    sourcerpm: nodejs-22.22.0-1.module+el9.7.0+23896+b5802de9.src.rpm
  - url: https://cdn-ubi.redhat.com/content/public/ubi/dist/ubi9/9/x86_64/appstream/os/Packages/n/npm-10.9.4-1.22.22.0.1.module+el9.7.0+23896+b5802de9.x86_64.rpm
    repoid: ubi-9-for-x86_64-appstream-rpms
    size: 2730645
    checksum: sha256:18ab0f8f57a477ea2bd50b89735a61133c2aabd53d967ae4daacf7b02f28f141
    name: npm
    evr: 1:10.9.4-1.22.22.0.1.module+el9.7.0+23896+b5802de9
    sourcerpm: nodejs-22.22.0-1.module+el9.7.0+23896+b5802de9.src.rpm
  - url: https://cdn-ubi.redhat.com/content/public/ubi/dist/ubi9/9/x86_64/appstream/os/Packages/o/oniguruma-6.9.6-1.el9.5.x86_64.rpm
    repoid: ubi-9-for-x86_64-appstream-rpms
    size: 226331
    checksum: sha256:6c884cc2216e5b4699ebd8cde27b39e99532520b367f645ed6cc660d081916dc
    name: oniguruma
    evr: 6.9.6-1.el9.5
    sourcerpm: oniguruma-6.9.6-1.el9.5.src.rpm
  - url: https://cdn-ubi.redhat.com/content/public/ubi/dist/ubi9/9/x86_64/baseos/os/Packages/j/jq-1.6-19.el9.x86_64.rpm
    repoid: ubi-9-for-x86_64-baseos-rpms
    size: 191662
    checksum: sha256:6b4d82714813d7b4a3200bf2856a3c1493d186e9caa916d7a700ec25e4996462
    name: jq
    evr: 1.6-19.el9
    sourcerpm: jq-1.6-19.el9.src.rpm
  - url: https://cdn-ubi.redhat.com/content/public/ubi/dist/ubi9/9/x86_64/baseos/os/Packages/l/libbrotli-1.0.9-9.el9_7.x86_64.rpm
    repoid: ubi-9-for-x86_64-baseos-rpms
    size: 326278
    checksum: sha256:81096e6aed022489306e2fe1d1496b2b689d8f0bf6c70a94b5bddb82356eeda1
    name: libbrotli
    evr: 1.0.9-9.el9_7
    sourcerpm: brotli-1.0.9-9.el9_7.src.rpm
  - url: https://cdn-ubi.redhat.com/content/public/ubi/dist/ubi9/9/x86_64/baseos/os/Packages/o/openssl-3.5.1-7.el9_7.x86_64.rpm
    repoid: ubi-9-for-x86_64-baseos-rpms
    size: 1565197
    checksum: sha256:efc3eb2f303047d5244a0f717a13615820d0de977c62d58bbe6d04ce35df8c6e
    name: openssl
    evr: 1:3.5.1-7.el9_7
    sourcerpm: openssl-3.5.1-7.el9_7.src.rpm
  source: []
  module_metadata:
  - url: https://cdn-ubi.redhat.com/content/public/ubi/dist/ubi9/9/x86_64/appstream/os/repodata/74965c6aec164f3ab0062e0a3301c89a360993635788f716c9079cf899dd8784-modules.yaml.gz
    repoid: ubi-9-for-x86_64-appstream-rpms
    size: 8674
    checksum: sha256:74965c6aec164f3ab0062e0a3301c89a360993635788f716c9079cf899dd8784
